// !$*UTF8*$!
{
	archiveVersion = 1;
	classes = {
	};
	objectVersion = 50;
	objects = {

/* Begin PBXBuildFile section */
		661426F9266DCF3500B58931 /* TheResultController.swift in Sources */ = {isa = PBXBuildFile; fileRef = 661426F8266DCF3500B58931 /* TheResultController.swift */; };
		662D17BF266B71C2007C4955 /* QuizBrain.swift in Sources */ = {isa = PBXBuildFile; fileRef = 662D17BE266B71C2007C4955 /* QuizBrain.swift */; };
		66C7E3A0266B028200C90EF9 /* AppDelegate.swift in Sources */ = {isa = PBXBuildFile; fileRef = 66C7E39F266B028200C90EF9 /* AppDelegate.swift */; };
		66C7E3A2266B028200C90EF9 /* ViewController.swift in Sources */ = {isa = PBXBuildFile; fileRef = 66C7E3A1266B028200C90EF9 /* ViewController.swift */; };
		66C7E3A5266B028200C90EF9 /* Main.storyboard in Resources */ = {isa = PBXBuildFile; fileRef = 66C7E3A3266B028200C90EF9 /* Main.storyboard */; };
		66C7E3A7266B028800C90EF9 /* Assets.xcassets in Resources */ = {isa = PBXBuildFile; fileRef = 66C7E3A6266B028800C90EF9 /* Assets.xcassets */; };
		66C7E3AA266B028800C90EF9 /* LaunchScreen.storyboard in Resources */ = {isa = PBXBuildFile; fileRef = 66C7E3A8266B028800C90EF9 /* LaunchScreen.storyboard */; };
		66C7E3B5266B028800C90EF9 /* AppEnglishTests.swift in Sources */ = {isa = PBXBuildFile; fileRef = 66C7E3B4266B028800C90EF9 /* AppEnglishTests.swift */; };
		66C7E3C0266B241000C90EF9 /* Questions.swift in Sources */ = {isa = PBXBuildFile; fileRef = 66C7E3BF266B241000C90EF9 /* Questions.swift */; };
/* End PBXBuildFile section */

/* Begin PBXContainerItemProxy section */
		66C7E3B1266B028800C90EF9 /* PBXContainerItemProxy */ = {
			isa = PBXContainerItemProxy;
			containerPortal = 66C7E394266B028200C90EF9 /* Project object */;
			proxyType = 1;
			remoteGlobalIDString = 66C7E39B266B028200C90EF9;
			remoteInfo = AppEnglish;
		};
/* End PBXContainerItemProxy section */

/* Begin PBXFileReference section */
		661426F8266DCF3500B58931 /* TheResultController.swift */ = {isa = PBXFileReference; lastKnownFileType = sourcecode.swift; path = TheResultController.swift; sourceTree = "<group>"; };
		662D17BE266B71C2007C4955 /* QuizBrain.swift */ = {isa = PBXFileReference; lastKnownFileType = sourcecode.swift; path = QuizBrain.swift; sourceTree = "<group>"; };
		66C7E39C266B028200C90EF9 /* AppEnglish.app */ = {isa = PBXFileReference; explicitFileType = wrapper.application; includeInIndex = 0; path = AppEnglish.app; sourceTree = BUILT_PRODUCTS_DIR; };
		66C7E39F266B028200C90EF9 /* AppDelegate.swift */ = {isa = PBXFileReference; lastKnownFileType = sourcecode.swift; path = AppDelegate.swift; sourceTree = "<group>"; };
		66C7E3A1266B028200C90EF9 /* ViewController.swift */ = {isa = PBXFileReference; lastKnownFileType = sourcecode.swift; path = ViewController.swift; sourceTree = "<group>"; };
		66C7E3A4266B028200C90EF9 /* Base */ = {isa = PBXFileReference; lastKnownFileType = file.storyboard; name = Base; path = Base.lproj/Main.storyboard; sourceTree = "<group>"; };
		66C7E3A6266B028800C90EF9 /* Assets.xcassets */ = {isa = PBXFileReference; lastKnownFileType = folder.assetcatalog; path = Assets.xcassets; sourceTree = "<group>"; };
		66C7E3A9266B028800C90EF9 /* Base */ = {isa = PBXFileReference; lastKnownFileType = file.storyboard; name = Base; path = Base.lproj/LaunchScreen.storyboard; sourceTree = "<group>"; };
		66C7E3AB266B028800C90EF9 /* Info.plist */ = {isa = PBXFileReference; lastKnownFileType = text.plist.xml; path = Info.plist; sourceTree = "<group>"; };
		66C7E3B0266B028800C90EF9 /* AppEnglishTests.xctest */ = {isa = PBXFileReference; explicitFileType = wrapper.cfbundle; includeInIndex = 0; path = AppEnglishTests.xctest; sourceTree = BUILT_PRODUCTS_DIR; };
		66C7E3B4266B028800C90EF9 /* AppEnglishTests.swift */ = {isa = PBXFileReference; lastKnownFileType = sourcecode.swift; path = AppEnglishTests.swift; sourceTree = "<group>"; };
		66C7E3B6266B028800C90EF9 /* Info.plist */ = {isa = PBXFileReference; lastKnownFileType = text.plist.xml; path = Info.plist; sourceTree = "<group>"; };
		66C7E3BF266B241000C90EF9 /* Questions.swift */ = {isa = PBXFileReference; lastKnownFileType = sourcecode.swift; path = Questions.swift; sourceTree = "<group>"; };
/* End PBXFileReference section */

/* Begin PBXFrameworksBuildPhase section */
		66C7E399266B028200C90EF9 /* Frameworks */ = {
			isa = PBXFrameworksBuildPhase;
			buildActionMask = 2147483647;
			files = (
			);
			runOnlyForDeploymentPostprocessing = 0;
		};
		66C7E3AD266B028800C90EF9 /* Frameworks */ = {
			isa = PBXFrameworksBuildPhase;
			buildActionMask = 2147483647;
			files = (
			);
			runOnlyForDeploymentPostprocessing = 0;
		};
/* End PBXFrameworksBuildPhase section */

/* Begin PBXGroup section */
		662D17BB266B6EFF007C4955 /* Model */ = {
			isa = PBXGroup;
			children = (
				66C7E3BF266B241000C90EF9 /* Questions.swift */,
				662D17BE266B71C2007C4955 /* QuizBrain.swift */,
			);
			path = Model;
			sourceTree = "<group>";
		};
		662D17BC266B713B007C4955 /* View */ = {
			isa = PBXGroup;
			children = (
				66C7E3A3266B028200C90EF9 /* Main.storyboard */,
			);
			path = View;
			sourceTree = "<group>";
		};
		662D17BD266B7158007C4955 /* Controller */ = {
			isa = PBXGroup;
			children = (
				66C7E3A1266B028200C90EF9 /* ViewController.swift */,
				661426F8266DCF3500B58931 /* TheResultController.swift */,
			);
			path = Controller;
			sourceTree = "<group>";
		};
		66C7E393266B028200C90EF9 = {
			isa = PBXGroup;
			children = (
				66C7E39E266B028200C90EF9 /* AppEnglish */,
				66C7E3B3266B028800C90EF9 /* AppEnglishTests */,
				66C7E39D266B028200C90EF9 /* Products */,
			);
			sourceTree = "<group>";
		};
		66C7E39D266B028200C90EF9 /* Products */ = {
			isa = PBXGroup;
			children = (
				66C7E39C266B028200C90EF9 /* AppEnglish.app */,
				66C7E3B0266B028800C90EF9 /* AppEnglishTests.xctest */,
			);
			name = Products;
			sourceTree = "<group>";
		};
		66C7E39E266B028200C90EF9 /* AppEnglish */ = {
			isa = PBXGroup;
			children = (
				66C7E39F266B028200C90EF9 /* AppDelegate.swift */,
				662D17BD266B7158007C4955 /* Controller */,
				662D17BC266B713B007C4955 /* View */,
				66C7E3A6266B028800C90EF9 /* Assets.xcassets */,
				66C7E3A8266B028800C90EF9 /* LaunchScreen.storyboard */,
				66C7E3AB266B028800C90EF9 /* Info.plist */,
				662D17BB266B6EFF007C4955 /* Model */,
			);
			path = AppEnglish;
			sourceTree = "<group>";
		};
		66C7E3B3266B028800C90EF9 /* AppEnglishTests */ = {
			isa = PBXGroup;
			children = (
				66C7E3B4266B028800C90EF9 /* AppEnglishTests.swift */,
				66C7E3B6266B028800C90EF9 /* Info.plist */,
			);
			path = AppEnglishTests;
			sourceTree = "<group>";
		};
/* End PBXGroup section */

/* Begin PBXNativeTarget section */
		66C7E39B266B028200C90EF9 /* AppEnglish */ = {
			isa = PBXNativeTarget;
			buildConfigurationList = 66C7E3B9266B028800C90EF9 /* Build configuration list for PBXNativeTarget "AppEnglish" */;
			buildPhases = (
				66C7E398266B028200C90EF9 /* Sources */,
				66C7E399266B028200C90EF9 /* Frameworks */,
				66C7E39A266B028200C90EF9 /* Resources */,
			);
			buildRules = (
			);
			dependencies = (
			);
			name = AppEnglish;
			productName = AppEnglish;
			productReference = 66C7E39C266B028200C90EF9 /* AppEnglish.app */;
			productType = "com.apple.product-type.application";
		};
		66C7E3AF266B028800C90EF9 /* AppEnglishTests */ = {
			isa = PBXNativeTarget;
			buildConfigurationList = 66C7E3BC266B028800C90EF9 /* Build configuration list for PBXNativeTarget "AppEnglishTests" */;
			buildPhases = (
				66C7E3AC266B028800C90EF9 /* Sources */,
				66C7E3AD266B028800C90EF9 /* Frameworks */,
				66C7E3AE266B028800C90EF9 /* Resources */,
			);
			buildRules = (
			);
			dependencies = (
				66C7E3B2266B028800C90EF9 /* PBXTargetDependency */,
			);
			name = AppEnglishTests;
			productName = AppEnglishTests;
			productReference = 66C7E3B0266B028800C90EF9 /* AppEnglishTests.xctest */;
			productType = "com.apple.product-type.bundle.unit-test";
		};
/* End PBXNativeTarget section */

/* Begin PBXProject section */
		66C7E394266B028200C90EF9 /* Project object */ = {
			isa = PBXProject;
			attributes = {
				LastSwiftUpdateCheck = 1030;
				LastUpgradeCheck = 1030;
				ORGANIZATIONNAME = fit.tdc.vn;
				TargetAttributes = {
					66C7E39B266B028200C90EF9 = {
						CreatedOnToolsVersion = 10.3;
					};
					66C7E3AF266B028800C90EF9 = {
						CreatedOnToolsVersion = 10.3;
						TestTargetID = 66C7E39B266B028200C90EF9;
					};
				};
			};
			buildConfigurationList = 66C7E397266B028200C90EF9 /* Build configuration list for PBXProject "AppEnglish" */;
			compatibilityVersion = "Xcode 9.3";
			developmentRegion = en;
			hasScannedForEncodings = 0;
			knownRegions = (
				en,
				Base,
			);
			mainGroup = 66C7E393266B028200C90EF9;
			productRefGroup = 66C7E39D266B028200C90EF9 /* Products */;
			projectDirPath = "";
			projectRoot = "";
			targets = (
				66C7E39B266B028200C90EF9 /* AppEnglish */,
				66C7E3AF266B028800C90EF9 /* AppEnglishTests */,
			);
		};
/* End PBXProject section */

/* Begin PBXResourcesBuildPhase section */
		66C7E39A266B028200C90EF9 /* Resources */ = {
			isa = PBXResourcesBuildPhase;
			buildActionMask = 2147483647;
			files = (
				66C7E3AA266B028800C90EF9 /* LaunchScreen.storyboard in Resources */,
				66C7E3A7266B028800C90EF9 /* Assets.xcassets in Resources */,
				66C7E3A5266B028200C90EF9 /* Main.storyboard in Resources */,
			);
			runOnlyForDeploymentPostprocessing = 0;
		};
		66C7E3AE266B028800C90EF9 /* Resources */ = {
			isa = PBXResourcesBuildPhase;
			buildActionMask = 2147483647;
			files = (
			);
			runOnlyForDeploymentPostprocessing = 0;
		};
/* End PBXResourcesBuildPhase section */

/* Begin PBXSourcesBuildPhase section */
		66C7E398266B028200C90EF9 /* Sources */ = {
			isa = PBXSourcesBuildPhase;
			buildActionMask = 2147483647;
			files = (
				661426F9266DCF3500B58931 /* TheResultController.swift in Sources */,
				66C7E3C0266B241000C90EF9 /* Questions.swift in Sources */,
				66C7E3A2266B028200C90EF9 /* ViewController.swift in Sources */,
				66C7E3A0266B028200C90EF9 /* AppDelegate.swift in Sources */,
				662D17BF266B71C2007C4955 /* QuizBrain.swift in Sources */,
			);
			runOnlyForDeploymentPostprocessing = 0;
		};
		66C7E3AC266B028800C90EF9 /* Sources */ = {
			isa = PBXSourcesBuildPhase;
			buildActionMask = 2147483647;
			files = (
				66C7E3B5266B028800C90EF9 /* AppEnglishTests.swift in Sources */,
			);
			runOnlyForDeploymentPostprocessing = 0;
		};
/* End PBXSourcesBuildPhase section */

/* Begin PBXTargetDependency section */
		66C7E3B2266B028800C90EF9 /* PBXTargetDependency */ = {
			isa = PBXTargetDependency;
			target = 66C7E39B266B028200C90EF9 /* AppEnglish */;
			targetProxy = 66C7E3B1266B028800C90EF9 /* PBXContainerItemProxy */;
		};
/* End PBXTargetDependency section */

/* Begin PBXVariantGroup section */
		66C7E3A3266B028200C90EF9 /* Main.storyboard */ = {
			isa = PBXVariantGroup;
			children = (
				66C7E3A4266B028200C90EF9 /* Base */,
			);
			name = Main.storyboard;
			sourceTree = "<group>";
		};
		66C7E3A8266B028800C90EF9 /* LaunchScreen.storyboard */ = {
			isa = PBXVariantGroup;
			children = (
				66C7E3A9266B028800C90EF9 /* Base */,
			);
			name = LaunchScreen.storyboard;
			sourceTree = "<group>";
		};
/* End PBXVariantGroup section */

/* Begin XCBuildConfiguration section */
		66C7E3B7266B028800C90EF9 /* Debug */ = {
			isa = XCBuildConfiguration;
			buildSettings = {
				ALWAYS_SEARCH_USER_PATHS = NO;
				CLANG_ANALYZER_NONNULL = YES;
				CLANG_ANALYZER_NUMBER_OBJECT_CONVERSION = YES_AGGRESSIVE;
				CLANG_CXX_LANGUAGE_STANDARD = "gnu++14";
				CLANG_CXX_LIBRARY = "libc++";
				CLANG_ENABLE_MODULES = YES;
				CLANG_ENABLE_OBJC_ARC = YES;
				CLANG_ENABLE_OBJC_WEAK = YES;
				CLANG_WARN_BLOCK_CAPTURE_AUTORELEASING = YES;
				CLANG_WARN_BOOL_CONVERSION = YES;
				CLANG_WARN_COMMA = YES;
				CLANG_WARN_CONSTANT_CONVERSION = YES;
				CLANG_WARN_DEPRECATED_OBJC_IMPLEMENTATIONS = YES;
				CLANG_WARN_DIRECT_OBJC_ISA_USAGE = YES_ERROR;
				CLANG_WARN_DOCUMENTATION_COMMENTS = YES;
				CLANG_WARN_EMPTY_BODY = YES;
				CLANG_WARN_ENUM_CONVERSION = YES;
				CLANG_WARN_INFINITE_RECURSION = YES;
				CLANG_WARN_INT_CONVERSION = YES;
				CLANG_WARN_NON_LITERAL_NULL_CONVERSION = YES;
				CLANG_WARN_OBJC_IMPLICIT_RETAIN_SELF = YES;
				CLANG_WARN_OBJC_LITERAL_CONVERSION = YES;
				CLANG_WARN_OBJC_ROOT_CLASS = YES_ERROR;
				CLANG_WARN_RANGE_LOOP_ANALYSIS = YES;
				CLANG_WARN_STRICT_PROTOTYPES = YES;
				CLANG_WARN_SUSPICIOUS_MOVE = YES;
				CLANG_WARN_UNGUARDED_AVAILABILITY = YES_AGGRESSIVE;
				CLANG_WARN_UNREACHABLE_CODE = YES;
				CLANG_WARN__DUPLICATE_METHOD_MATCH = YES;
				CODE_SIGN_IDENTITY = "iPhone Developer";
				COPY_PHASE_STRIP = NO;
				DEBUG_INFORMATION_FORMAT = dwarf;
				ENABLE_STRICT_OBJC_MSGSEND = YES;
				ENABLE_TESTABILITY = YES;
				GCC_C_LANGUAGE_STANDARD = gnu11;
				GCC_DYNAMIC_NO_PIC = NO;
				GCC_NO_COMMON_BLOCKS = YES;
				GCC_OPTIMIZATION_LEVEL = 0;
				GCC_PREPROCESSOR_DEFINITIONS = (
					"DEBUG=1",
					"$(inherited)",
				);
				GCC_WARN_64_TO_32_BIT_CONVERSION = YES;
				GCC_WARN_ABOUT_RETURN_TYPE = YES_ERROR;
				GCC_WARN_UNDECLARED_SELECTOR = YES;
				GCC_WARN_UNINITIALIZED_AUTOS = YES_AGGRESSIVE;
				GCC_WARN_UNUSED_FUNCTION = YES;
				GCC_WARN_UNUSED_VARIABLE = YES;
				IPHONEOS_DEPLOYMENT_TARGET = 12.4;
				MTL_ENABLE_DEBUG_INFO = INCLUDE_SOURCE;
				MTL_FAST_MATH = YES;
				ONLY_ACTIVE_ARCH = YES;
				SDKROOT = iphoneos;
				SWIFT_ACTIVE_COMPILATION_CONDITIONS = DEBUG;
				SWIFT_OPTIMIZATION_LEVEL = "-Onone";
			};
			name = Debug;
		};
		66C7E3B8266B028800C90EF9 /* Release */ = {
			isa = XCBuildConfiguration;
			buildSettings = {
				ALWAYS_SEARCH_USER_PATHS = NO;
				CLANG_ANALYZER_NONNULL = YES;
				CLANG_ANALYZER_NUMBER_OBJECT_CONVERSION = YES_AGGRESSIVE;
				CLANG_CXX_LANGUAGE_STANDARD = "gnu++14";
				CLANG_CXX_LIBRARY = "libc++";
				CLANG_ENABLE_MODULES = YES;
				CLANG_ENABLE_OBJC_ARC = YES;
				CLANG_ENABLE_OBJC_WEAK = YES;
				CLANG_WARN_BLOCK_CAPTURE_AUTORELEASING = YES;
				CLANG_WARN_BOOL_CONVERSION = YES;
				CLANG_WARN_COMMA = YES;
				CLANG_WARN_CONSTANT_CONVERSION = YES;
				CLANG_WARN_DEPRECATED_OBJC_IMPLEMENTATIONS = YES;
				CLANG_WARN_DIRECT_OBJC_ISA_USAGE = YES_ERROR;
				CLANG_WARN_DOCUMENTATION_COMMENTS = YES;
				CLANG_WARN_EMPTY_BODY = YES;
				CLANG_WARN_ENUM_CONVERSION = YES;
				CLANG_WARN_INFINITE_RECURSION = YES;
				CLANG_WARN_INT_CONVERSION = YES;
				CLANG_WARN_NON_LITERAL_NULL_CONVERSION = YES;
				CLANG_WARN_OBJC_IMPLICIT_RETAIN_SELF = YES;
				CLANG_WARN_OBJC_LITERAL_CONVERSION = YES;
				CLANG_WARN_OBJC_ROOT_CLASS = YES_ERROR;
				CLANG_WARN_RANGE_LOOP_ANALYSIS = YES;
				CLANG_WARN_STRICT_PROTOTYPES = YES;
				CLANG_WARN_SUSPICIOUS_MOVE = YES;
				CLANG_WARN_UNGUARDED_AVAILABILITY = YES_AGGRESSIVE;
				CLANG_WARN_UNREACHABLE_CODE = YES;
				CLANG_WARN__DUPLICATE_METHOD_MATCH = YES;
				CODE_SIGN_IDENTITY = "iPhone Developer";
				COPY_PHASE_STRIP = NO;
				DEBUG_INFORMATION_FORMAT = "dwarf-with-dsym";
				ENABLE_NS_ASSERTIONS = NO;
				ENABLE_STRICT_OBJC_MSGSEND = YES;
				GCC_C_LANGUAGE_STANDARD = gnu11;
				GCC_NO_COMMON_BLOCKS = YES;
				GCC_WARN_64_TO_32_BIT_CONVERSION = YES;
				GCC_WARN_ABOUT_RETURN_TYPE = YES_ERROR;
				GCC_WARN_UNDECLARED_SELECTOR = YES;
				GCC_WARN_UNINITIALIZED_AUTOS = YES_AGGRESSIVE;
				GCC_WARN_UNUSED_FUNCTION = YES;
				GCC_WARN_UNUSED_VARIABLE = YES;
				IPHONEOS_DEPLOYMENT_TARGET = 12.4;
				MTL_ENABLE_DEBUG_INFO = NO;
				MTL_FAST_MATH = YES;
				SDKROOT = iphoneos;
				SWIFT_COMPILATION_MODE = wholemodule;
				SWIFT_OPTIMIZATION_LEVEL = "-O";
				VALIDATE_PRODUCT = YES;
			};
			name = Release;
		};
		66C7E3BA266B028800C90EF9 /* Debug */ = {
			isa = XCBuildConfiguration;
			buildSettings = {
				ASSETCATALOG_COMPILER_APPICON_NAME = AppIcon;
				CODE_SIGN_STYLE = Automatic;
				INFOPLIST_FILE = AppEnglish/Info.plist;
				LD_RUNPATH_SEARCH_PATHS = (
					"$(inherited)",
					"@executable_path/Frameworks",
				);
				PRODUCT_BUNDLE_IDENTIFIER = tdc.edu.vn.AppEnglish;
				PRODUCT_NAME = "$(TARGET_NAME)";
				SWIFT_VERSION = 5.0;
				TARGETED_DEVICE_FAMILY = "1,2";
			};
			name = Debug;
		};
		66C7E3BB266B028800C90EF9 /* Release */ = {
			isa = XCBuildConfiguration;
			buildSettings = {
				ASSETCATALOG_COMPILER_APPICON_NAME = AppIcon;
				CODE_SIGN_STYLE = Automatic;
				INFOPLIST_FILE = AppEnglish/Info.plist;
				LD_RUNPATH_SEARCH_PATHS = (
					"$(inherited)",
					"@executable_path/Frameworks",
				);
				PRODUCT_BUNDLE_IDENTIFIER = tdc.edu.vn.AppEnglish;
				PRODUCT_NAME = "$(TARGET_NAME)";
				SWIFT_VERSION = 5.0;
				TARGETED_DEVICE_FAMILY = "1,2";
			};
			name = Release;
		};
		66C7E3BD266B028800C90EF9 /* Debug */ = {
			isa = XCBuildConfiguration;
			buildSettings = {
				ALWAYS_EMBED_SWIFT_STANDARD_LIBRARIES = YES;
				BUNDLE_LOADER = "$(TEST_HOST)";
				CODE_SIGN_STYLE = Automatic;
				INFOPLIST_FILE = AppEnglishTests/Info.plist;
				LD_RUNPATH_SEARCH_PATHS = (
					"$(inherited)",
					"@executable_path/Frameworks",
					"@loader_path/Frameworks",
				);
				PRODUCT_BUNDLE_IDENTIFIER = tdc.edu.vn.AppEnglishTests;
				PRODUCT_NAME = "$(TARGET_NAME)";
				SWIFT_VERSION = 5.0;
				TARGETED_DEVICE_FAMILY = "1,2";
				TEST_HOST = "$(BUILT_PRODUCTS_DIR)/AppEnglish.app/AppEnglish";
			};
			name = Debug;
		};
		66C7E3BE266B028800C90EF9 /* Release */ = {
			isa = XCBuildConfiguration;
			buildSettings = {
				ALWAYS_EMBED_SWIFT_STANDARD_LIBRARIES = YES;
				BUNDLE_LOADER = "$(TEST_HOST)";
				CODE_SIGN_STYLE = Automatic;
				INFOPLIST_FILE = AppEnglishTests/Info.plist;
				LD_RUNPATH_SEARCH_PATHS = (
					"$(inherited)",
					"@executable_path/Frameworks",
					"@loader_path/Frameworks",
				);
				PRODUCT_BUNDLE_IDENTIFIER = tdc.edu.vn.AppEnglishTests;
				PRODUCT_NAME = "$(TARGET_NAME)";
				SWIFT_VERSION = 5.0;
				TARGETED_DEVICE_FAMILY = "1,2";
				TEST_HOST = "$(BUILT_PRODUCTS_DIR)/AppEnglish.app/AppEnglish";
			};
			name = Release;
		};
/* End XCBuildConfiguration section */

/* Begin XCConfigurationList section */
		66C7E397266B028200C90EF9 /* Build configuration list for PBXProject "AppEnglish" */ = {
			isa = XCConfigurationList;
			buildConfigurations = (
				66C7E3B7266B028800C90EF9 /* Debug */,
				66C7E3B8266B028800C90EF9 /* Release */,
			);
			defaultConfigurationIsVisible = 0;
			defaultConfigurationName = Release;
		};
		66C7E3B9266B028800C90EF9 /* Build configuration list for PBXNativeTarget "AppEnglish" */ = {
			isa = XCConfigurationList;
			buildConfigurations = (
				66C7E3BA266B028800C90EF9 /* Debug */,
				66C7E3BB266B028800C90EF9 /* Release */,
			);
			defaultConfigurationIsVisible = 0;
			defaultConfigurationName = Release;
		};
		66C7E3BC266B028800C90EF9 /* Build configuration list for PBXNativeTarget "AppEnglishTests" */ = {
			isa = XCConfigurationList;
			buildConfigurations = (
				66C7E3BD266B028800C90EF9 /* Debug */,
				66C7E3BE266B028800C90EF9 /* Release */,
			);
			defaultConfigurationIsVisible = 0;
			defaultConfigurationName = Release;
		};
/* End XCConfigurationList section */
	};
	rootObject = 66C7E394266B028200C90EF9 /* Project object */;
}
